
Microsoft Visual Studio Solution File, Format Version 12.00
# Visual Studio Version 17
VisualStudioVersion = 17.0.31903.59
MinimumVisualStudioVersion = 10.0.40219.1
Project("{9A19103F-16F7-4668-BE54-9A1E7A4F7556}") = "TgLib", "TgLib\TgLib.csproj", "{0440E515-8969-411D-A7FE-D431C736CB80}"
EndProject
Project("{FAE04EC0-301F-11D3-BF4B-00C04F79EFBC}") = "TgApp", "TgApp\TgApp.csproj", "{AD071C54-71B7-41EC-A83C-3C085ACF4622}"
EndProject
Global
	GlobalSection(SolutionConfigurationPlatforms) = preSolution
		Debug|Any CPU = Debug|Any CPU
		Release|Any CPU = Release|Any CPU
	EndGlobalSection
	GlobalSection(ProjectConfigurationPlatforms) = postSolution
		{0440E515-8969-411D-A7FE-D431C736CB80}.Debug|Any CPU.ActiveCfg = Debug|Any CPU
		{0440E515-8969-411D-A7FE-D431C736CB80}.Debug|Any CPU.Build.0 = Debug|Any CPU
		{0440E515-8969-411D-A7FE-D431C736CB80}.Release|Any CPU.ActiveCfg = Release|Any CPU
		{0440E515-8969-411D-A7FE-D431C736CB80}.Release|Any CPU.Build.0 = Release|Any CPU
		{AD071C54-71B7-41EC-A83C-3C085ACF4622}.Debug|Any CPU.ActiveCfg = Debug|Any CPU
		{AD071C54-71B7-41EC-A83C-3C085ACF4622}.Debug|Any CPU.Build.0 = Debug|Any CPU
		{AD071C54-71B7-41EC-A83C-3C085ACF4622}.Release|Any CPU.ActiveCfg = Release|Any CPU
		{AD071C54-71B7-41EC-A83C-3C085ACF4622}.Release|Any CPU.Build.0 = Release|Any CPU
	EndGlobalSection
	GlobalSection(SolutionProperties) = preSolution
		HideSolutionNode = FALSE
	EndGlobalSection
	GlobalSection(ExtensibilityGlobals) = postSolution
		SolutionGuid = {6BCD1824-3371-4178-A733-257BE9346E45}
	EndGlobalSection
EndGlobal
